
Microsoft Visual Studio Solution File, Format Version 12.00
# Visual Studio Version 16
VisualStudioVersion = 16.0.30225.117
MinimumVisualStudioVersion = 10.0.40219.1
Project("{9A19103F-16F7-4668-BE54-9A1E7A4F7556}") = "ImmedisTask", "ImmedisTask\ImmedisTask.csproj", "{F98472C3-AF1B-44D1-835D-65ED439A8073}"
EndProject
Project("{9A19103F-16F7-4668-BE54-9A1E7A4F7556}") = "ImmedisTask.Data", "ImmedisTask.Data\ImmedisTask.Data.csproj", "{15A36C22-6D32-4473-906E-811300C0E6B6}"
EndProject
Project("{9A19103F-16F7-4668-BE54-9A1E7A4F7556}") = "ImmedisTask.Services", "ImmedisTask.Services\ImmedisTask.Services.csproj", "{7A12D814-5981-4762-A4E4-83EE60198C7B}"
EndProject
Global
	GlobalSection(SolutionConfigurationPlatforms) = preSolution
		Debug|Any CPU = Debug|Any CPU
		Release|Any CPU = Release|Any CPU
	EndGlobalSection
	GlobalSection(ProjectConfigurationPlatforms) = postSolution
		{F98472C3-AF1B-44D1-835D-65ED439A8073}.Debug|Any CPU.ActiveCfg = Debug|Any CPU
		{F98472C3-AF1B-44D1-835D-65ED439A8073}.Debug|Any CPU.Build.0 = Debug|Any CPU
		{F98472C3-AF1B-44D1-835D-65ED439A8073}.Release|Any CPU.ActiveCfg = Release|Any CPU
		{F98472C3-AF1B-44D1-835D-65ED439A8073}.Release|Any CPU.Build.0 = Release|Any CPU
		{15A36C22-6D32-4473-906E-811300C0E6B6}.Debug|Any CPU.ActiveCfg = Debug|Any CPU
		{15A36C22-6D32-4473-906E-811300C0E6B6}.Debug|Any CPU.Build.0 = Debug|Any CPU
		{15A36C22-6D32-4473-906E-811300C0E6B6}.Release|Any CPU.ActiveCfg = Release|Any CPU
		{15A36C22-6D32-4473-906E-811300C0E6B6}.Release|Any CPU.Build.0 = Release|Any CPU
		{7A12D814-5981-4762-A4E4-83EE60198C7B}.Debug|Any CPU.ActiveCfg = Debug|Any CPU
		{7A12D814-5981-4762-A4E4-83EE60198C7B}.Debug|Any CPU.Build.0 = Debug|Any CPU
		{7A12D814-5981-4762-A4E4-83EE60198C7B}.Release|Any CPU.ActiveCfg = Release|Any CPU
		{7A12D814-5981-4762-A4E4-83EE60198C7B}.Release|Any CPU.Build.0 = Release|Any CPU
	EndGlobalSection
	GlobalSection(SolutionProperties) = preSolution
		HideSolutionNode = FALSE
	EndGlobalSection
	GlobalSection(ExtensibilityGlobals) = postSolution
		SolutionGuid = {20440E47-1EA8-45E7-9F24-ABE5ED92768C}
	EndGlobalSection
EndGlobal
